
Microsoft Visual Studio Solution File, Format Version 12.00
# Visual Studio 15
VisualStudioVersion = 15.0.28010.2048
MinimumVisualStudioVersion = 10.0.40219.1
Project("{FAE04EC0-301F-11D3-BF4B-00C04F79EFBC}") = "Lands.Android", "Lands\Lands.Android\Lands.Android.csproj", "{B4898C1A-536E-4A2B-A948-827361361FBC}"
EndProject
Project("{FAE04EC0-301F-11D3-BF4B-00C04F79EFBC}") = "Lands.iOS", "Lands\Lands.iOS\Lands.iOS.csproj", "{5718D309-EC2D-4CAA-B606-5499954711FC}"
EndProject
Project("{9A19103F-16F7-4668-BE54-9A1E7A4F7556}") = "Lands", "Lands\Lands\Lands.csproj", "{92C66A3B-83E4-4D16-B44A-DA5757955E4D}"
EndProject
Project("{FAE04EC0-301F-11D3-BF4B-00C04F79EFBC}") = "Lands.Domain", "Lands.Domain\Lands.Domain.csproj", "{586E7678-77F8-484B-A74D-AF002EFE8380}"
EndProject
Project("{FAE04EC0-301F-11D3-BF4B-00C04F79EFBC}") = "Lands.API", "Lands.API\Lands.API.csproj", "{F2FFC5E1-F764-4F49-A484-EA210AE0FDC6}"
EndProject
Project("{FAE04EC0-301F-11D3-BF4B-00C04F79EFBC}") = "Lands.Backend", "Lands.Backend\Lands.Backend.csproj", "{1ED0724F-39D5-4932-AB1F-69290C363145}"
EndProject
Global
	GlobalSection(SolutionConfigurationPlatforms) = preSolution
		Ad-Hoc|Any CPU = Ad-Hoc|Any CPU
		Ad-Hoc|iPhone = Ad-Hoc|iPhone
		Ad-Hoc|iPhoneSimulator = Ad-Hoc|iPhoneSimulator
		AppStore|Any CPU = AppStore|Any CPU
		AppStore|iPhone = AppStore|iPhone
		AppStore|iPhoneSimulator = AppStore|iPhoneSimulator
		Debug|Any CPU = Debug|Any CPU
		Debug|iPhone = Debug|iPhone
		Debug|iPhoneSimulator = Debug|iPhoneSimulator
		Release|Any CPU = Release|Any CPU
		Release|iPhone = Release|iPhone
		Release|iPhoneSimulator = Release|iPhoneSimulator
	EndGlobalSection
	GlobalSection(ProjectConfigurationPlatforms) = postSolution
		{B4898C1A-536E-4A2B-A948-827361361FBC}.Ad-Hoc|Any CPU.ActiveCfg = Release|Any CPU
		{B4898C1A-536E-4A2B-A948-827361361FBC}.Ad-Hoc|Any CPU.Build.0 = Release|Any CPU
		{B4898C1A-536E-4A2B-A948-827361361FBC}.Ad-Hoc|Any CPU.Deploy.0 = Release|Any CPU
		{B4898C1A-536E-4A2B-A948-827361361FBC}.Ad-Hoc|iPhone.ActiveCfg = Release|Any CPU
		{B4898C1A-536E-4A2B-A948-827361361FBC}.Ad-Hoc|iPhone.Build.0 = Release|Any CPU
		{B4898C1A-536E-4A2B-A948-827361361FBC}.Ad-Hoc|iPhone.Deploy.0 = Release|Any CPU
		{B4898C1A-536E-4A2B-A948-827361361FBC}.Ad-Hoc|iPhoneSimulator.ActiveCfg = Release|Any CPU
		{B4898C1A-536E-4A2B-A948-827361361FBC}.Ad-Hoc|iPhoneSimulator.Build.0 = Release|Any CPU
		{B4898C1A-536E-4A2B-A948-827361361FBC}.Ad-Hoc|iPhoneSimulator.Deploy.0 = Release|Any CPU
		{B4898C1A-536E-4A2B-A948-827361361FBC}.AppStore|Any CPU.ActiveCfg = Release|Any CPU
		{B4898C1A-536E-4A2B-A948-827361361FBC}.AppStore|Any CPU.Build.0 = Release|Any CPU
		{B4898C1A-536E-4A2B-A948-827361361FBC}.AppStore|Any CPU.Deploy.0 = Release|Any CPU
		{B4898C1A-536E-4A2B-A948-827361361FBC}.AppStore|iPhone.ActiveCfg = Release|Any CPU
		{B4898C1A-536E-4A2B-A948-827361361FBC}.AppStore|iPhone.Build.0 = Release|Any CPU
		{B4898C1A-536E-4A2B-A948-827361361FBC}.AppStore|iPhone.Deploy.0 = Release|Any CPU
		{B4898C1A-536E-4A2B-A948-827361361FBC}.AppStore|iPhoneSimulator.ActiveCfg = Release|Any CPU
		{B4898C1A-536E-4A2B-A948-827361361FBC}.AppStore|iPhoneSimulator.Build.0 = Release|Any CPU
		{B4898C1A-536E-4A2B-A948-827361361FBC}.AppStore|iPhoneSimulator.Deploy.0 = Release|Any CPU
		{B4898C1A-536E-4A2B-A948-827361361FBC}.Debug|Any CPU.ActiveCfg = Debug|Any CPU
		{B4898C1A-536E-4A2B-A948-827361361FBC}.Debug|Any CPU.Build.0 = Debug|Any CPU
		{B4898C1A-536E-4A2B-A948-827361361FBC}.Debug|Any CPU.Deploy.0 = Debug|Any CPU
		{B4898C1A-536E-4A2B-A948-827361361FBC}.Debug|iPhone.ActiveCfg = Debug|Any CPU
		{B4898C1A-536E-4A2B-A948-827361361FBC}.Debug|iPhone.Build.0 = Debug|Any CPU
		{B4898C1A-536E-4A2B-A948-827361361FBC}.Debug|iPhone.Deploy.0 = Debug|Any CPU
		{B4898C1A-536E-4A2B-A948-827361361FBC}.Debug|iPhoneSimulator.ActiveCfg = Debug|Any CPU
		{B4898C1A-536E-4A2B-A948-827361361FBC}.Debug|iPhoneSimulator.Build.0 = Debug|Any CPU
		{B4898C1A-536E-4A2B-A948-827361361FBC}.Debug|iPhoneSimulator.Deploy.0 = Debug|Any CPU
		{B4898C1A-536E-4A2B-A948-827361361FBC}.Release|Any CPU.ActiveCfg = Release|Any CPU
		{B4898C1A-536E-4A2B-A948-827361361FBC}.Release|Any CPU.Build.0 = Release|Any CPU
		{B4898C1A-536E-4A2B-A948-827361361FBC}.Release|Any CPU.Deploy.0 = Release|Any CPU
		{B4898C1A-536E-4A2B-A948-827361361FBC}.Release|iPhone.ActiveCfg = Release|Any CPU
		{B4898C1A-536E-4A2B-A948-827361361FBC}.Release|iPhone.Build.0 = Release|Any CPU
		{B4898C1A-536E-4A2B-A948-827361361FBC}.Release|iPhone.Deploy.0 = Release|Any CPU
		{B4898C1A-536E-4A2B-A948-827361361FBC}.Release|iPhoneSimulator.ActiveCfg = Release|Any CPU
		{B4898C1A-536E-4A2B-A948-827361361FBC}.Release|iPhoneSimulator.Build.0 = Release|Any CPU
		{B4898C1A-536E-4A2B-A948-827361361FBC}.Release|iPhoneSimulator.Deploy.0 = Release|Any CPU
		{5718D309-EC2D-4CAA-B606-5499954711FC}.Ad-Hoc|Any CPU.ActiveCfg = Ad-Hoc|iPhone
		{5718D309-EC2D-4CAA-B606-5499954711FC}.Ad-Hoc|Any CPU.Build.0 = Ad-Hoc|iPhone
		{5718D309-EC2D-4CAA-B606-5499954711FC}.Ad-Hoc|Any CPU.Deploy.0 = Ad-Hoc|iPhone
		{5718D309-EC2D-4CAA-B606-5499954711FC}.Ad-Hoc|iPhone.ActiveCfg = Ad-Hoc|iPhone
		{5718D309-EC2D-4CAA-B606-5499954711FC}.Ad-Hoc|iPhone.Build.0 = Ad-Hoc|iPhone
		{5718D309-EC2D-4CAA-B606-5499954711FC}.Ad-Hoc|iPhone.Deploy.0 = Ad-Hoc|iPhone
		{5718D309-EC2D-4CAA-B606-5499954711FC}.Ad-Hoc|iPhoneSimulator.ActiveCfg = Ad-Hoc|iPhoneSimulator
		{5718D309-EC2D-4CAA-B606-5499954711FC}.Ad-Hoc|iPhoneSimulator.Build.0 = Ad-Hoc|iPhoneSimulator
		{5718D309-EC2D-4CAA-B606-5499954711FC}.Ad-Hoc|iPhoneSimulator.Deploy.0 = Ad-Hoc|iPhoneSimulator
		{5718D309-EC2D-4CAA-B606-5499954711FC}.AppStore|Any CPU.ActiveCfg = AppStore|iPhone
		{5718D309-EC2D-4CAA-B606-5499954711FC}.AppStore|Any CPU.Build.0 = AppStore|iPhone
		{5718D309-EC2D-4CAA-B606-5499954711FC}.AppStore|Any CPU.Deploy.0 = AppStore|iPhone
		{5718D309-EC2D-4CAA-B606-5499954711FC}.AppStore|iPhone.ActiveCfg = AppStore|iPhone
		{5718D309-EC2D-4CAA-B606-5499954711FC}.AppStore|iPhone.Build.0 = AppStore|iPhone
		{5718D309-EC2D-4CAA-B606-5499954711FC}.AppStore|iPhone.Deploy.0 = AppStore|iPhone
		{5718D309-EC2D-4CAA-B606-5499954711FC}.AppStore|iPhoneSimulator.ActiveCfg = AppStore|iPhoneSimulator
		{5718D309-EC2D-4CAA-B606-5499954711FC}.AppStore|iPhoneSimulator.Build.0 = AppStore|iPhoneSimulator
		{5718D309-EC2D-4CAA-B606-5499954711FC}.AppStore|iPhoneSimulator.Deploy.0 = AppStore|iPhoneSimulator
		{5718D309-EC2D-4CAA-B606-5499954711FC}.Debug|Any CPU.ActiveCfg = Debug|iPhoneSimulator
		{5718D309-EC2D-4CAA-B606-5499954711FC}.Debug|Any CPU.Build.0 = Debug|iPhoneSimulator
		{5718D309-EC2D-4CAA-B606-5499954711FC}.Debug|Any CPU.Deploy.0 = Debug|iPhoneSimulator
		{5718D309-EC2D-4CAA-B606-5499954711FC}.Debug|iPhone.ActiveCfg = Debug|iPhone
		{5718D309-EC2D-4CAA-B606-5499954711FC}.Debug|iPhone.Build.0 = Debug|iPhone
		{5718D309-EC2D-4CAA-B606-5499954711FC}.Debug|iPhone.Deploy.0 = Debug|iPhone
		{5718D309-EC2D-4CAA-B606-5499954711FC}.Debug|iPhoneSimulator.ActiveCfg = Debug|iPhoneSimulator
		{5718D309-EC2D-4CAA-B606-5499954711FC}.Debug|iPhoneSimulator.Build.0 = Debug|iPhoneSimulator
		{5718D309-EC2D-4CAA-B606-5499954711FC}.Debug|iPhoneSimulator.Deploy.0 = Debug|iPhoneSimulator
		{5718D309-EC2D-4CAA-B606-5499954711FC}.Release|Any CPU.ActiveCfg = Release|iPhone
		{5718D309-EC2D-4CAA-B606-5499954711FC}.Release|Any CPU.Build.0 = Release|iPhone
		{5718D309-EC2D-4CAA-B606-5499954711FC}.Release|Any CPU.Deploy.0 = Release|iPhone
		{5718D309-EC2D-4CAA-B606-5499954711FC}.Release|iPhone.ActiveCfg = Release|iPhone
		{5718D309-EC2D-4CAA-B606-5499954711FC}.Release|iPhone.Build.0 = Release|iPhone
		{5718D309-EC2D-4CAA-B606-5499954711FC}.Release|iPhone.Deploy.0 = Release|iPhone
		{5718D309-EC2D-4CAA-B606-5499954711FC}.Release|iPhoneSimulator.ActiveCfg = Release|iPhoneSimulator
		{5718D309-EC2D-4CAA-B606-5499954711FC}.Release|iPhoneSimulator.Build.0 = Release|iPhoneSimulator
		{5718D309-EC2D-4CAA-B606-5499954711FC}.Release|iPhoneSimulator.Deploy.0 = Release|iPhoneSimulator
		{92C66A3B-83E4-4D16-B44A-DA5757955E4D}.Ad-Hoc|Any CPU.ActiveCfg = Debug|Any CPU
		{92C66A3B-83E4-4D16-B44A-DA5757955E4D}.Ad-Hoc|Any CPU.Build.0 = Debug|Any CPU
		{92C66A3B-83E4-4D16-B44A-DA5757955E4D}.Ad-Hoc|Any CPU.Deploy.0 = Debug|Any CPU
		{92C66A3B-83E4-4D16-B44A-DA5757955E4D}.Ad-Hoc|iPhone.ActiveCfg = Debug|Any CPU
		{92C66A3B-83E4-4D16-B44A-DA5757955E4D}.Ad-Hoc|iPhone.Build.0 = Debug|Any CPU
		{92C66A3B-83E4-4D16-B44A-DA5757955E4D}.Ad-Hoc|iPhone.Deploy.0 = Debug|Any CPU
		{92C66A3B-83E4-4D16-B44A-DA5757955E4D}.Ad-Hoc|iPhoneSimulator.ActiveCfg = Debug|Any CPU
		{92C66A3B-83E4-4D16-B44A-DA5757955E4D}.Ad-Hoc|iPhoneSimulator.Build.0 = Debug|Any CPU
		{92C66A3B-83E4-4D16-B44A-DA5757955E4D}.Ad-Hoc|iPhoneSimulator.Deploy.0 = Debug|Any CPU
		{92C66A3B-83E4-4D16-B44A-DA5757955E4D}.AppStore|Any CPU.ActiveCfg = Debug|Any CPU
		{92C66A3B-83E4-4D16-B44A-DA5757955E4D}.AppStore|Any CPU.Build.0 = Debug|Any CPU
		{92C66A3B-83E4-4D16-B44A-DA5757955E4D}.AppStore|Any CPU.Deploy.0 = Debug|Any CPU
		{92C66A3B-83E4-4D16-B44A-DA5757955E4D}.AppStore|iPhone.ActiveCfg = Debug|Any CPU
		{92C66A3B-83E4-4D16-B44A-DA5757955E4D}.AppStore|iPhone.Build.0 = Debug|Any CPU
		{92C66A3B-83E4-4D16-B44A-DA5757955E4D}.AppStore|iPhone.Deploy.0 = Debug|Any CPU
		{92C66A3B-83E4-4D16-B44A-DA5757955E4D}.AppStore|iPhoneSimulator.ActiveCfg = Debug|Any CPU
		{92C66A3B-83E4-4D16-B44A-DA5757955E4D}.AppStore|iPhoneSimulator.Build.0 = Debug|Any CPU
		{92C66A3B-83E4-4D16-B44A-DA5757955E4D}.AppStore|iPhoneSimulator.Deploy.0 = Debug|Any CPU
		{92C66A3B-83E4-4D16-B44A-DA5757955E4D}.Debug|Any CPU.ActiveCfg = Debug|Any CPU
		{92C66A3B-83E4-4D16-B44A-DA5757955E4D}.Debug|Any CPU.Build.0 = Debug|Any CPU
		{92C66A3B-83E4-4D16-B44A-DA5757955E4D}.Debug|Any CPU.Deploy.0 = Debug|Any CPU
		{92C66A3B-83E4-4D16-B44A-DA5757955E4D}.Debug|iPhone.ActiveCfg = Debug|Any CPU
		{92C66A3B-83E4-4D16-B44A-DA5757955E4D}.Debug|iPhone.Build.0 = Debug|Any CPU
		{92C66A3B-83E4-4D16-B44A-DA5757955E4D}.Debug|iPhone.Deploy.0 = Debug|Any CPU
		{92C66A3B-83E4-4D16-B44A-DA5757955E4D}.Debug|iPhoneSimulator.ActiveCfg = Debug|Any CPU
		{92C66A3B-83E4-4D16-B44A-DA5757955E4D}.Debug|iPhoneSimulator.Build.0 = Debug|Any CPU
		{92C66A3B-83E4-4D16-B44A-DA5757955E4D}.Debug|iPhoneSimulator.Deploy.0 = Debug|Any CPU
		{92C66A3B-83E4-4D16-B44A-DA5757955E4D}.Release|Any CPU.ActiveCfg = Release|Any CPU
		{92C66A3B-83E4-4D16-B44A-DA5757955E4D}.Release|Any CPU.Build.0 = Release|Any CPU
		{92C66A3B-83E4-4D16-B44A-DA5757955E4D}.Release|Any CPU.Deploy.0 = Release|Any CPU
		{92C66A3B-83E4-4D16-B44A-DA5757955E4D}.Release|iPhone.ActiveCfg = Release|Any CPU
		{92C66A3B-83E4-4D16-B44A-DA5757955E4D}.Release|iPhone.Build.0 = Release|Any CPU
		{92C66A3B-83E4-4D16-B44A-DA5757955E4D}.Release|iPhone.Deploy.0 = Release|Any CPU
		{92C66A3B-83E4-4D16-B44A-DA5757955E4D}.Release|iPhoneSimulator.ActiveCfg = Release|Any CPU
		{92C66A3B-83E4-4D16-B44A-DA5757955E4D}.Release|iPhoneSimulator.Build.0 = Release|Any CPU
		{92C66A3B-83E4-4D16-B44A-DA5757955E4D}.Release|iPhoneSimulator.Deploy.0 = Release|Any CPU
		{586E7678-77F8-484B-A74D-AF002EFE8380}.Ad-Hoc|Any CPU.ActiveCfg = Release|Any CPU
		{586E7678-77F8-484B-A74D-AF002EFE8380}.Ad-Hoc|Any CPU.Build.0 = Release|Any CPU
		{586E7678-77F8-484B-A74D-AF002EFE8380}.Ad-Hoc|iPhone.ActiveCfg = Release|Any CPU
		{586E7678-77F8-484B-A74D-AF002EFE8380}.Ad-Hoc|iPhone.Build.0 = Release|Any CPU
		{586E7678-77F8-484B-A74D-AF002EFE8380}.Ad-Hoc|iPhoneSimulator.ActiveCfg = Release|Any CPU
		{586E7678-77F8-484B-A74D-AF002EFE8380}.Ad-Hoc|iPhoneSimulator.Build.0 = Release|Any CPU
		{586E7678-77F8-484B-A74D-AF002EFE8380}.AppStore|Any CPU.ActiveCfg = Release|Any CPU
		{586E7678-77F8-484B-A74D-AF002EFE8380}.AppStore|Any CPU.Build.0 = Release|Any CPU
		{586E7678-77F8-484B-A74D-AF002EFE8380}.AppStore|iPhone.ActiveCfg = Release|Any CPU
		{586E7678-77F8-484B-A74D-AF002EFE8380}.AppStore|iPhone.Build.0 = Release|Any CPU
		{586E7678-77F8-484B-A74D-AF002EFE8380}.AppStore|iPhoneSimulator.ActiveCfg = Release|Any CPU
		{586E7678-77F8-484B-A74D-AF002EFE8380}.AppStore|iPhoneSimulator.Build.0 = Release|Any CPU
		{586E7678-77F8-484B-A74D-AF002EFE8380}.Debug|Any CPU.ActiveCfg = Debug|Any CPU
		{586E7678-77F8-484B-A74D-AF002EFE8380}.Debug|Any CPU.Build.0 = Debug|Any CPU
		{586E7678-77F8-484B-A74D-AF002EFE8380}.Debug|iPhone.ActiveCfg = Debug|Any CPU
		{586E7678-77F8-484B-A74D-AF002EFE8380}.Debug|iPhone.Build.0 = Debug|Any CPU
		{586E7678-77F8-484B-A74D-AF002EFE8380}.Debug|iPhoneSimulator.ActiveCfg = Debug|Any CPU
		{586E7678-77F8-484B-A74D-AF002EFE8380}.Debug|iPhoneSimulator.Build.0 = Debug|Any CPU
		{586E7678-77F8-484B-A74D-AF002EFE8380}.Release|Any CPU.ActiveCfg = Release|Any CPU
		{586E7678-77F8-484B-A74D-AF002EFE8380}.Release|Any CPU.Build.0 = Release|Any CPU
		{586E7678-77F8-484B-A74D-AF002EFE8380}.Release|iPhone.ActiveCfg = Release|Any CPU
		{586E7678-77F8-484B-A74D-AF002EFE8380}.Release|iPhone.Build.0 = Release|Any CPU
		{586E7678-77F8-484B-A74D-AF002EFE8380}.Release|iPhoneSimulator.ActiveCfg = Release|Any CPU
		{586E7678-77F8-484B-A74D-AF002EFE8380}.Release|iPhoneSimulator.Build.0 = Release|Any CPU
		{F2FFC5E1-F764-4F49-A484-EA210AE0FDC6}.Ad-Hoc|Any CPU.ActiveCfg = Release|Any CPU
		{F2FFC5E1-F764-4F49-A484-EA210AE0FDC6}.Ad-Hoc|Any CPU.Build.0 = Release|Any CPU
		{F2FFC5E1-F764-4F49-A484-EA210AE0FDC6}.Ad-Hoc|iPhone.ActiveCfg = Release|Any CPU
		{F2FFC5E1-F764-4F49-A484-EA210AE0FDC6}.Ad-Hoc|iPhone.Build.0 = Release|Any CPU
		{F2FFC5E1-F764-4F49-A484-EA210AE0FDC6}.Ad-Hoc|iPhoneSimulator.ActiveCfg = Release|Any CPU
		{F2FFC5E1-F764-4F49-A484-EA210AE0FDC6}.Ad-Hoc|iPhoneSimulator.Build.0 = Release|Any CPU
		{F2FFC5E1-F764-4F49-A484-EA210AE0FDC6}.AppStore|Any CPU.ActiveCfg = Release|Any CPU
		{F2FFC5E1-F764-4F49-A484-EA210AE0FDC6}.AppStore|Any CPU.Build.0 = Release|Any CPU
		{F2FFC5E1-F764-4F49-A484-EA210AE0FDC6}.AppStore|iPhone.ActiveCfg = Release|Any CPU
		{F2FFC5E1-F764-4F49-A484-EA210AE0FDC6}.AppStore|iPhone.Build.0 = Release|Any CPU
		{F2FFC5E1-F764-4F49-A484-EA210AE0FDC6}.AppStore|iPhoneSimulator.ActiveCfg = Release|Any CPU
		{F2FFC5E1-F764-4F49-A484-EA210AE0FDC6}.AppStore|iPhoneSimulator.Build.0 = Release|Any CPU
		{F2FFC5E1-F764-4F49-A484-EA210AE0FDC6}.Debug|Any CPU.ActiveCfg = Debug|Any CPU
		{F2FFC5E1-F764-4F49-A484-EA210AE0FDC6}.Debug|Any CPU.Build.0 = Debug|Any CPU
		{F2FFC5E1-F764-4F49-A484-EA210AE0FDC6}.Debug|iPhone.ActiveCfg = Debug|Any CPU
		{F2FFC5E1-F764-4F49-A484-EA210AE0FDC6}.Debug|iPhone.Build.0 = Debug|Any CPU
		{F2FFC5E1-F764-4F49-A484-EA210AE0FDC6}.Debug|iPhoneSimulator.ActiveCfg = Debug|Any CPU
		{F2FFC5E1-F764-4F49-A484-EA210AE0FDC6}.Debug|iPhoneSimulator.Build.0 = Debug|Any CPU
		{F2FFC5E1-F764-4F49-A484-EA210AE0FDC6}.Release|Any CPU.ActiveCfg = Release|Any CPU
		{F2FFC5E1-F764-4F49-A484-EA210AE0FDC6}.Release|Any CPU.Build.0 = Release|Any CPU
		{F2FFC5E1-F764-4F49-A484-EA210AE0FDC6}.Release|iPhone.ActiveCfg = Release|Any CPU
		{F2FFC5E1-F764-4F49-A484-EA210AE0FDC6}.Release|iPhone.Build.0 = Release|Any CPU
		{F2FFC5E1-F764-4F49-A484-EA210AE0FDC6}.Release|iPhoneSimulator.ActiveCfg = Release|Any CPU
		{F2FFC5E1-F764-4F49-A484-EA210AE0FDC6}.Release|iPhoneSimulator.Build.0 = Release|Any CPU
		{1ED0724F-39D5-4932-AB1F-69290C363145}.Ad-Hoc|Any CPU.ActiveCfg = Release|Any CPU
		{1ED0724F-39D5-4932-AB1F-69290C363145}.Ad-Hoc|Any CPU.Build.0 = Release|Any CPU
		{1ED0724F-39D5-4932-AB1F-69290C363145}.Ad-Hoc|iPhone.ActiveCfg = Release|Any CPU
		{1ED0724F-39D5-4932-AB1F-69290C363145}.Ad-Hoc|iPhone.Build.0 = Release|Any CPU
		{1ED0724F-39D5-4932-AB1F-69290C363145}.Ad-Hoc|iPhoneSimulator.ActiveCfg = Release|Any CPU
		{1ED0724F-39D5-4932-AB1F-69290C363145}.Ad-Hoc|iPhoneSimulator.Build.0 = Release|Any CPU
		{1ED0724F-39D5-4932-AB1F-69290C363145}.AppStore|Any CPU.ActiveCfg = Release|Any CPU
		{1ED0724F-39D5-4932-AB1F-69290C363145}.AppStore|Any CPU.Build.0 = Release|Any CPU
		{1ED0724F-39D5-4932-AB1F-69290C363145}.AppStore|iPhone.ActiveCfg = Release|Any CPU
		{1ED0724F-39D5-4932-AB1F-69290C363145}.AppStore|iPhone.Build.0 = Release|Any CPU
		{1ED0724F-39D5-4932-AB1F-69290C363145}.AppStore|iPhoneSimulator.ActiveCfg = Release|Any CPU
		{1ED0724F-39D5-4932-AB1F-69290C363145}.AppStore|iPhoneSimulator.Build.0 = Release|Any CPU
		{1ED0724F-39D5-4932-AB1F-69290C363145}.Debug|Any CPU.ActiveCfg = Debug|Any CPU
		{1ED0724F-39D5-4932-AB1F-69290C363145}.Debug|Any CPU.Build.0 = Debug|Any CPU
		{1ED0724F-39D5-4932-AB1F-69290C363145}.Debug|iPhone.ActiveCfg = Debug|Any CPU
		{1ED0724F-39D5-4932-AB1F-69290C363145}.Debug|iPhone.Build.0 = Debug|Any CPU
		{1ED0724F-39D5-4932-AB1F-69290C363145}.Debug|iPhoneSimulator.ActiveCfg = Debug|Any CPU
		{1ED0724F-39D5-4932-AB1F-69290C363145}.Debug|iPhoneSimulator.Build.0 = Debug|Any CPU
		{1ED0724F-39D5-4932-AB1F-69290C363145}.Release|Any CPU.ActiveCfg = Release|Any CPU
		{1ED0724F-39D5-4932-AB1F-69290C363145}.Release|Any CPU.Build.0 = Release|Any CPU
		{1ED0724F-39D5-4932-AB1F-69290C363145}.Release|iPhone.ActiveCfg = Release|Any CPU
		{1ED0724F-39D5-4932-AB1F-69290C363145}.Release|iPhone.Build.0 = Release|Any CPU
		{1ED0724F-39D5-4932-AB1F-69290C363145}.Release|iPhoneSimulator.ActiveCfg = Release|Any CPU
		{1ED0724F-39D5-4932-AB1F-69290C363145}.Release|iPhoneSimulator.Build.0 = Release|Any CPU
	EndGlobalSection
	GlobalSection(SolutionProperties) = preSolution
		HideSolutionNode = FALSE
	EndGlobalSection
	GlobalSection(ExtensibilityGlobals) = postSolution
		SolutionGuid = {341D9DB1-BB6F-4748-898B-5FE2F2D6F2E0}
	EndGlobalSection
EndGlobal
